PODS:
  - AFNetworking (3.2.1):
    - AFNetworking/NSURLSession (= 3.2.1)
    - AFNetworking/Reachability (= 3.2.1)
    - AFNetworking/Security (= 3.2.1)
    - AFNetworking/Serialization (= 3.2.1)
    - AFNetworking/UIKit (= 3.2.1)
  - AFNetworking/NSURLSession (3.2.1):
    - AFNetworking/Reachability
    - AFNetworking/Security
    - AFNetworking/Serialization
  - AFNetworking/Reachability (3.2.1)
  - AFNetworking/Security (3.2.1)
  - AFNetworking/Serialization (3.2.1)
  - AFNetworking/UIKit (3.2.1):
    - AFNetworking/NSURLSession
  - EagleELEmptyView (0.0.3)
  - ELTextInputForm (0.0.1)
  - IQKeyboardManager (6.1.1)
  - Masonry (1.1.0)
  - MJRefresh (3.1.15.3)
  - NetRequestLib (0.0.2):
    - AFNetworking
  - PYSearch (0.9.0)
  - SDCycleScrollView (1.75):
    - SDWebImage (>= 4.0.0)
  - SDWebImage (4.4.2):
    - SDWebImage/Core (= 4.4.2)
  - SDWebImage/Core (4.4.2)
  - SVProgressHUD (2.2.5)
  - YYKit (1.0.9):
    - YYKit/no-arc (= 1.0.9)
  - YYKit/no-arc (1.0.9)

DEPENDENCIES:
  - AFNetworking
  - EagleELEmptyView (from `https://github.com/EagleZhangWeicheng/ELEmptyView.git`)
  - ELTextInputForm (from `https://github.com/EagleZhangWeicheng/ELTextInputForm.git`)
  - IQKeyboardManager
  - Masonry
  - MJRefresh
  - NetRequestLib (from `https://github.com/EagleZhangWeicheng/NetRequestLib.git`)
  - PYSearch
  - SDCycleScrollView
  - SDWebImage
  - SVProgressHUD
  - YYKit

SPEC REPOS:
  https://github.com/cocoapods/specs.git:
    - AFNetworking
    - IQKeyboardManager
    - Masonry
    - MJRefresh
    - PYSearch
    - SDCycleScrollView
    - SDWebImage
    - SVProgressHUD
    - YYKit

EXTERNAL SOURCES:
  EagleELEmptyView:
    :git: https://github.com/EagleZhangWeicheng/ELEmptyView.git
  ELTextInputForm:
    :git: https://github.com/EagleZhangWeicheng/ELTextInputForm.git
  NetRequestLib:
    :git: https://github.com/EagleZhangWeicheng/NetRequestLib.git

CHECKOUT OPTIONS:
  EagleELEmptyView:
    :commit: eeb4468a633df7f9bb5166d915e6779c62f60c76
    :git: https://github.com/EagleZhangWeicheng/ELEmptyView.git
  ELTextInputForm:
    :commit: 97791b3a2beb80caec1e18cc49857adde9b85230
    :git: https://github.com/EagleZhangWeicheng/ELTextInputForm.git
  NetRequestLib:
    :commit: 4786b50b8cb26c5aaae8fb150405cd2b930603fa
    :git: https://github.com/EagleZhangWeicheng/NetRequestLib.git

SPEC CHECKSUMS:
  AFNetworking: b6f891fdfaed196b46c7a83cf209e09697b94057
  EagleELEmptyView: 211a56fb327d94984c2f9eb2a17bdb8e50aa211b
  ELTextInputForm: fbc049211cd5193bd1c4a3d50ef405afcc345fcd
  IQKeyboardManager: 79c57795f5c2408d259d37b9da2ed07efcbb5225
  Masonry: 678fab65091a9290e40e2832a55e7ab731aad201
  MJRefresh: b48380ae2b927b46c4ef000de9adb8dc748e1df7
  NetRequestLib: e783c59e0d268ec9b3885a9477069929d468be02
  PYSearch: 55175e6046e2e1b5236a90c780351988e914a015
  SDCycleScrollView: 884b88f0266dd4708a0e1934975c69cb971707b1
  SDWebImage: 624d6e296c69b244bcede364c72ae0430ac14681
  SVProgressHUD: 1428aafac632c1f86f62aa4243ec12008d7a51d6
  YYKit: 7cda43304a8dc3696c449041e2cb3107b4e236e7

PODFILE CHECKSUM: a201a0d123e1dfc75aba092e8c197306221b1547

COCOAPODS: 1.5.3
